
Microsoft Visual Studio Solution File, Format Version 12.00
# Visual Studio Version 17
VisualStudioVersion = 17.4.33213.308
MinimumVisualStudioVersion = 10.0.40219.1
Project("{FAE04EC0-301F-11D3-BF4B-00C04F79EFBC}") = "Adamantium", "Adamantium.csproj", "{0B4D8E3C-09A3-4B18-B663-95657DD56A13}"
EndProject
Global
	GlobalSection(SolutionConfigurationPlatforms) = preSolution
		Debug|Any CPU = Debug|Any CPU
		Release|Any CPU = Release|Any CPU
	EndGlobalSection
	GlobalSection(ProjectConfigurationPlatforms) = postSolution
		{0B4D8E3C-09A3-4B18-B663-95657DD56A13}.Debug|Any CPU.ActiveCfg = Debug|Any CPU
		{0B4D8E3C-09A3-4B18-B663-95657DD56A13}.Debug|Any CPU.Build.0 = Debug|Any CPU
		{0B4D8E3C-09A3-4B18-B663-95657DD56A13}.Release|Any CPU.ActiveCfg = Release|Any CPU
		{0B4D8E3C-09A3-4B18-B663-95657DD56A13}.Release|Any CPU.Build.0 = Release|Any CPU
	EndGlobalSection
	GlobalSection(SolutionProperties) = preSolution
		HideSolutionNode = FALSE
	EndGlobalSection
	GlobalSection(ExtensibilityGlobals) = postSolution
		SolutionGuid = {B6F3DA66-D1B5-49C6-928F-F66FEA6B9A0F}
	EndGlobalSection
EndGlobal
